
Microsoft Visual Studio Solution File, Format Version 12.00
# Visual Studio Version 16
VisualStudioVersion = 16.0.33529.622
MinimumVisualStudioVersion = 10.0.40219.1
Project("{888888A0-9F3D-457C-B088-3A5042F75D52}") = "leftoffice", "leftoffice.pyproj", "{58A81CC0-CE4C-45BC-9ECD-25C5DCB62E13}"
EndProject
Global
	GlobalSection(SolutionConfigurationPlatforms) = preSolution
		Debug|Any CPU = Debug|Any CPU
		Release|Any CPU = Release|Any CPU
	EndGlobalSection
	GlobalSection(ProjectConfigurationPlatforms) = postSolution
		{58A81CC0-CE4C-45BC-9ECD-25C5DCB62E13}.Debug|Any CPU.ActiveCfg = Debug|Any CPU
		{58A81CC0-CE4C-45BC-9ECD-25C5DCB62E13}.Release|Any CPU.ActiveCfg = Release|Any CPU
	EndGlobalSection
	GlobalSection(SolutionProperties) = preSolution
		HideSolutionNode = FALSE
	EndGlobalSection
	GlobalSection(ExtensibilityGlobals) = postSolution
		SolutionGuid = {0D0EFBD7-D4C2-4673-9ABB-747C2D00BB1B}
	EndGlobalSection
EndGlobal
